// !$*UTF8*$!
{
	archiveVersion = 1;
	classes = {
	};
	objectVersion = 46;
	objects = {

/* Begin PBXBuildFile section */
		F4464CC81DF3258500646D8B /* Model.xcdatamodeld in Sources */ = {isa = PBXBuildFile; fileRef = F4464CC61DF3258500646D8B /* Model.xcdatamodeld */; };
		F4464CD21DF3346D00646D8B /* CoreDataStack.swift in Sources */ = {isa = PBXBuildFile; fileRef = F4464CD11DF3346D00646D8B /* CoreDataStack.swift */; };
		F4464CF51DFA037F00646D8B /* Region+CoreDataClass.swift in Sources */ = {isa = PBXBuildFile; fileRef = F4464CF31DFA037F00646D8B /* Region+CoreDataClass.swift */; };
		F4464CFA1DFA21F900646D8B /* Region+CoreDataProperties.swift in Sources */ = {isa = PBXBuildFile; fileRef = F4464CF91DFA21F900646D8B /* Region+CoreDataProperties.swift */; };
		F4464D011DFB22BB00646D8B /* SkiArea+CoreDataClass.swift in Sources */ = {isa = PBXBuildFile; fileRef = F4464CFF1DFB22BB00646D8B /* SkiArea+CoreDataClass.swift */; };
		F4464D021DFB22BB00646D8B /* SkiArea+CoreDataProperties.swift in Sources */ = {isa = PBXBuildFile; fileRef = F4464D001DFB22BB00646D8B /* SkiArea+CoreDataProperties.swift */; };
		F44B4E7E1DEDC68E00C051FA /* AppDelegate.swift in Sources */ = {isa = PBXBuildFile; fileRef = F44B4E7D1DEDC68E00C051FA /* AppDelegate.swift */; };
		F44B4E831DEDC68E00C051FA /* Main.storyboard in Resources */ = {isa = PBXBuildFile; fileRef = F44B4E811DEDC68E00C051FA /* Main.storyboard */; };
		F44B4E851DEDC68E00C051FA /* Assets.xcassets in Resources */ = {isa = PBXBuildFile; fileRef = F44B4E841DEDC68E00C051FA /* Assets.xcassets */; };
		F44B4E881DEDC68E00C051FA /* LaunchScreen.storyboard in Resources */ = {isa = PBXBuildFile; fileRef = F44B4E861DEDC68E00C051FA /* LaunchScreen.storyboard */; };
		F44B4E931DEDC68E00C051FA /* Where_To_SnowboardTests.swift in Sources */ = {isa = PBXBuildFile; fileRef = F44B4E921DEDC68E00C051FA /* Where_To_SnowboardTests.swift */; };
		F44B4E9E1DEDC68E00C051FA /* Where_To_SnowboardUITests.swift in Sources */ = {isa = PBXBuildFile; fileRef = F44B4E9D1DEDC68E00C051FA /* Where_To_SnowboardUITests.swift */; };
		F460DD491DEF553D00D74E71 /* SkimapClient.swift in Sources */ = {isa = PBXBuildFile; fileRef = F460DD481DEF553D00D74E71 /* SkimapClient.swift */; };
		F460DD4B1DEF559800D74E71 /* SkimapConstants.swift in Sources */ = {isa = PBXBuildFile; fileRef = F460DD4A1DEF559800D74E71 /* SkimapConstants.swift */; };
		F460DD4D1DEF567F00D74E71 /* WorldWeatherOnlineClient.swift in Sources */ = {isa = PBXBuildFile; fileRef = F460DD4C1DEF567F00D74E71 /* WorldWeatherOnlineClient.swift */; };
		F460DD4F1DEF569800D74E71 /* WorldWeatherOnlineConstants.swift in Sources */ = {isa = PBXBuildFile; fileRef = F460DD4E1DEF569800D74E71 /* WorldWeatherOnlineConstants.swift */; };
		F460DD511DEF583200D74E71 /* RegionViewController.swift in Sources */ = {isa = PBXBuildFile; fileRef = F460DD501DEF583200D74E71 /* RegionViewController.swift */; };
/* End PBXBuildFile section */

/* Begin PBXContainerItemProxy section */
		F44B4E8F1DEDC68E00C051FA /* PBXContainerItemProxy */ = {
			isa = PBXContainerItemProxy;
			containerPortal = F44B4E721DEDC68E00C051FA /* Project object */;
			proxyType = 1;
			remoteGlobalIDString = F44B4E791DEDC68E00C051FA;
			remoteInfo = "Where To Snowboard";
		};
		F44B4E9A1DEDC68E00C051FA /* PBXContainerItemProxy */ = {
			isa = PBXContainerItemProxy;
			containerPortal = F44B4E721DEDC68E00C051FA /* Project object */;
			proxyType = 1;
			remoteGlobalIDString = F44B4E791DEDC68E00C051FA;
			remoteInfo = "Where To Snowboard";
		};
/* End PBXContainerItemProxy section */

/* Begin PBXFileReference section */
		F4464CC71DF3258500646D8B /* Model.xcdatamodel */ = {isa = PBXFileReference; lastKnownFileType = wrapper.xcdatamodel; path = Model.xcdatamodel; sourceTree = "<group>"; };
		F4464CD11DF3346D00646D8B /* CoreDataStack.swift */ = {isa = PBXFileReference; fileEncoding = 4; lastKnownFileType = sourcecode.swift; name = CoreDataStack.swift; path = "../../Virtual Tourist/CoreDataStack.swift"; sourceTree = "<group>"; };
		F4464CF31DFA037F00646D8B /* Region+CoreDataClass.swift */ = {isa = PBXFileReference; fileEncoding = 4; lastKnownFileType = sourcecode.swift; name = "Region+CoreDataClass.swift"; path = "../Region+CoreDataClass.swift"; sourceTree = "<group>"; };
		F4464CF91DFA21F900646D8B /* Region+CoreDataProperties.swift */ = {isa = PBXFileReference; fileEncoding = 4; lastKnownFileType = sourcecode.swift; name = "Region+CoreDataProperties.swift"; path = "../Region+CoreDataProperties.swift"; sourceTree = "<group>"; };
		F4464CFB1DFA28AE00646D8B /* Model 2.xcdatamodel */ = {isa = PBXFileReference; lastKnownFileType = wrapper.xcdatamodel; path = "Model 2.xcdatamodel"; sourceTree = "<group>"; };
		F4464CFC1DFAE1F200646D8B /* Model 3.xcdatamodel */ = {isa = PBXFileReference; lastKnownFileType = wrapper.xcdatamodel; path = "Model 3.xcdatamodel"; sourceTree = "<group>"; };
		F4464CFF1DFB22BB00646D8B /* SkiArea+CoreDataClass.swift */ = {isa = PBXFileReference; fileEncoding = 4; lastKnownFileType = sourcecode.swift; name = "SkiArea+CoreDataClass.swift"; path = "../SkiArea+CoreDataClass.swift"; sourceTree = "<group>"; };
		F4464D001DFB22BB00646D8B /* SkiArea+CoreDataProperties.swift */ = {isa = PBXFileReference; fileEncoding = 4; lastKnownFileType = sourcecode.swift; name = "SkiArea+CoreDataProperties.swift"; path = "../SkiArea+CoreDataProperties.swift"; sourceTree = "<group>"; };
		F44B4E7A1DEDC68E00C051FA /* Where To Snowboard.app */ = {isa = PBXFileReference; explicitFileType = wrapper.application; includeInIndex = 0; path = "Where To Snowboard.app"; sourceTree = BUILT_PRODUCTS_DIR; };
		F44B4E7D1DEDC68E00C051FA /* AppDelegate.swift */ = {isa = PBXFileReference; lastKnownFileType = sourcecode.swift; path = AppDelegate.swift; sourceTree = "<group>"; };
		F44B4E821DEDC68E00C051FA /* Base */ = {isa = PBXFileReference; lastKnownFileType = file.storyboard; name = Base; path = Base.lproj/Main.storyboard; sourceTree = "<group>"; };
		F44B4E841DEDC68E00C051FA /* Assets.xcassets */ = {isa = PBXFileReference; lastKnownFileType = folder.assetcatalog; path = Assets.xcassets; sourceTree = "<group>"; };
		F44B4E871DEDC68E00C051FA /* Base */ = {isa = PBXFileReference; lastKnownFileType = file.storyboard; name = Base; path = Base.lproj/LaunchScreen.storyboard; sourceTree = "<group>"; };
		F44B4E891DEDC68E00C051FA /* Info.plist */ = {isa = PBXFileReference; lastKnownFileType = text.plist.xml; path = Info.plist; sourceTree = "<group>"; };
		F44B4E8E1DEDC68E00C051FA /* Where To SnowboardTests.xctest */ = {isa = PBXFileReference; explicitFileType = wrapper.cfbundle; includeInIndex = 0; path = "Where To SnowboardTests.xctest"; sourceTree = BUILT_PRODUCTS_DIR; };
		F44B4E921DEDC68E00C051FA /* Where_To_SnowboardTests.swift */ = {isa = PBXFileReference; lastKnownFileType = sourcecode.swift; path = Where_To_SnowboardTests.swift; sourceTree = "<group>"; };
		F44B4E941DEDC68E00C051FA /* Info.plist */ = {isa = PBXFileReference; lastKnownFileType = text.plist.xml; path = Info.plist; sourceTree = "<group>"; };
		F44B4E991DEDC68E00C051FA /* Where To SnowboardUITests.xctest */ = {isa = PBXFileReference; explicitFileType = wrapper.cfbundle; includeInIndex = 0; path = "Where To SnowboardUITests.xctest"; sourceTree = BUILT_PRODUCTS_DIR; };
		F44B4E9D1DEDC68E00C051FA /* Where_To_SnowboardUITests.swift */ = {isa = PBXFileReference; lastKnownFileType = sourcecode.swift; path = Where_To_SnowboardUITests.swift; sourceTree = "<group>"; };
		F44B4E9F1DEDC68E00C051FA /* Info.plist */ = {isa = PBXFileReference; lastKnownFileType = text.plist.xml; path = Info.plist; sourceTree = "<group>"; };
		F44E063A1DFE211100B0914F /* Model 4.xcdatamodel */ = {isa = PBXFileReference; lastKnownFileType = wrapper.xcdatamodel; path = "Model 4.xcdatamodel"; sourceTree = "<group>"; };
		F460DD481DEF553D00D74E71 /* SkimapClient.swift */ = {isa = PBXFileReference; fileEncoding = 4; lastKnownFileType = sourcecode.swift; path = SkimapClient.swift; sourceTree = "<group>"; };
		F460DD4A1DEF559800D74E71 /* SkimapConstants.swift */ = {isa = PBXFileReference; fileEncoding = 4; lastKnownFileType = sourcecode.swift; path = SkimapConstants.swift; sourceTree = "<group>"; };
		F460DD4C1DEF567F00D74E71 /* WorldWeatherOnlineClient.swift */ = {isa = PBXFileReference; fileEncoding = 4; lastKnownFileType = sourcecode.swift; path = WorldWeatherOnlineClient.swift; sourceTree = "<group>"; };
		F460DD4E1DEF569800D74E71 /* WorldWeatherOnlineConstants.swift */ = {isa = PBXFileReference; fileEncoding = 4; lastKnownFileType = sourcecode.swift; path = WorldWeatherOnlineConstants.swift; sourceTree = "<group>"; };
		F460DD501DEF583200D74E71 /* RegionViewController.swift */ = {isa = PBXFileReference; fileEncoding = 4; lastKnownFileType = sourcecode.swift; path = RegionViewController.swift; sourceTree = "<group>"; };
/* End PBXFileReference section */

/* Begin PBXFrameworksBuildPhase section */
		F44B4E771DEDC68E00C051FA /* Frameworks */ = {
			isa = PBXFrameworksBuildPhase;
			buildActionMask = 2147483647;
			files = (
			);
			runOnlyForDeploymentPostprocessing = 0;
		};
		F44B4E8B1DEDC68E00C051FA /* Frameworks */ = {
			isa = PBXFrameworksBuildPhase;
			buildActionMask = 2147483647;
			files = (
			);
			runOnlyForDeploymentPostprocessing = 0;
		};
		F44B4E961DEDC68E00C051FA /* Frameworks */ = {
			isa = PBXFrameworksBuildPhase;
			buildActionMask = 2147483647;
			files = (
			);
			runOnlyForDeploymentPostprocessing = 0;
		};
/* End PBXFrameworksBuildPhase section */

/* Begin PBXGroup section */
		F44B4E711DEDC68E00C051FA = {
			isa = PBXGroup;
			children = (
				F44B4E7C1DEDC68E00C051FA /* Where To Snowboard */,
				F44B4E911DEDC68E00C051FA /* Where To SnowboardTests */,
				F44B4E9C1DEDC68E00C051FA /* Where To SnowboardUITests */,
				F44B4E7B1DEDC68E00C051FA /* Products */,
			);
			sourceTree = "<group>";
		};
		F44B4E7B1DEDC68E00C051FA /* Products */ = {
			isa = PBXGroup;
			children = (
				F44B4E7A1DEDC68E00C051FA /* Where To Snowboard.app */,
				F44B4E8E1DEDC68E00C051FA /* Where To SnowboardTests.xctest */,
				F44B4E991DEDC68E00C051FA /* Where To SnowboardUITests.xctest */,
			);
			name = Products;
			sourceTree = "<group>";
		};
		F44B4E7C1DEDC68E00C051FA /* Where To Snowboard */ = {
			isa = PBXGroup;
			children = (
				F460DD471DEF54F200D74E71 /* Controllers */,
				F460DD461DEF54EB00D74E71 /* Models */,
				F460DD451DEF54CC00D74E71 /* Clients */,
				F44B4E7D1DEDC68E00C051FA /* AppDelegate.swift */,
				F44B4E811DEDC68E00C051FA /* Main.storyboard */,
				F44B4E841DEDC68E00C051FA /* Assets.xcassets */,
				F44B4E861DEDC68E00C051FA /* LaunchScreen.storyboard */,
				F44B4E891DEDC68E00C051FA /* Info.plist */,
			);
			path = "Where To Snowboard";
			sourceTree = "<group>";
		};
		F44B4E911DEDC68E00C051FA /* Where To SnowboardTests */ = {
			isa = PBXGroup;
			children = (
				F44B4E921DEDC68E00C051FA /* Where_To_SnowboardTests.swift */,
				F44B4E941DEDC68E00C051FA /* Info.plist */,
			);
			path = "Where To SnowboardTests";
			sourceTree = "<group>";
		};
		F44B4E9C1DEDC68E00C051FA /* Where To SnowboardUITests */ = {
			isa = PBXGroup;
			children = (
				F44B4E9D1DEDC68E00C051FA /* Where_To_SnowboardUITests.swift */,
				F44B4E9F1DEDC68E00C051FA /* Info.plist */,
			);
			path = "Where To SnowboardUITests";
			sourceTree = "<group>";
		};
		F460DD451DEF54CC00D74E71 /* Clients */ = {
			isa = PBXGroup;
			children = (
				F460DD481DEF553D00D74E71 /* SkimapClient.swift */,
				F460DD4A1DEF559800D74E71 /* SkimapConstants.swift */,
				F460DD4C1DEF567F00D74E71 /* WorldWeatherOnlineClient.swift */,
				F460DD4E1DEF569800D74E71 /* WorldWeatherOnlineConstants.swift */,
			);
			name = Clients;
			sourceTree = "<group>";
		};
		F460DD461DEF54EB00D74E71 /* Models */ = {
			isa = PBXGroup;
			children = (
				F4464CFF1DFB22BB00646D8B /* SkiArea+CoreDataClass.swift */,
				F4464D001DFB22BB00646D8B /* SkiArea+CoreDataProperties.swift */,
				F4464CF31DFA037F00646D8B /* Region+CoreDataClass.swift */,
				F4464CF91DFA21F900646D8B /* Region+CoreDataProperties.swift */,
				F4464CD11DF3346D00646D8B /* CoreDataStack.swift */,
				F4464CC61DF3258500646D8B /* Model.xcdatamodeld */,
			);
			name = Models;
			sourceTree = "<group>";
		};
		F460DD471DEF54F200D74E71 /* Controllers */ = {
			isa = PBXGroup;
			children = (
				F460DD501DEF583200D74E71 /* RegionViewController.swift */,
			);
			name = Controllers;
			sourceTree = "<group>";
		};
/* End PBXGroup section */

/* Begin PBXNativeTarget section */
		F44B4E791DEDC68E00C051FA /* Where To Snowboard */ = {
			isa = PBXNativeTarget;
			buildConfigurationList = F44B4EA21DEDC68E00C051FA /* Build configuration list for PBXNativeTarget "Where To Snowboard" */;
			buildPhases = (
				F44B4E761DEDC68E00C051FA /* Sources */,
				F44B4E771DEDC68E00C051FA /* Frameworks */,
				F44B4E781DEDC68E00C051FA /* Resources */,
			);
			buildRules = (
			);
			dependencies = (
			);
			name = "Where To Snowboard";
			productName = "Where To Snowboard";
			productReference = F44B4E7A1DEDC68E00C051FA /* Where To Snowboard.app */;
			productType = "com.apple.product-type.application";
		};
		F44B4E8D1DEDC68E00C051FA /* Where To SnowboardTests */ = {
			isa = PBXNativeTarget;
			buildConfigurationList = F44B4EA51DEDC68E00C051FA /* Build configuration list for PBXNativeTarget "Where To SnowboardTests" */;
			buildPhases = (
				F44B4E8A1DEDC68E00C051FA /* Sources */,
				F44B4E8B1DEDC68E00C051FA /* Frameworks */,
				F44B4E8C1DEDC68E00C051FA /* Resources */,
			);
			buildRules = (
			);
			dependencies = (
				F44B4E901DEDC68E00C051FA /* PBXTargetDependency */,
			);
			name = "Where To SnowboardTests";
			productName = "Where To SnowboardTests";
			productReference = F44B4E8E1DEDC68E00C051FA /* Where To SnowboardTests.xctest */;
			productType = "com.apple.product-type.bundle.unit-test";
		};
		F44B4E981DEDC68E00C051FA /* Where To SnowboardUITests */ = {
			isa = PBXNativeTarget;
			buildConfigurationList = F44B4EA81DEDC68E00C051FA /* Build configuration list for PBXNativeTarget "Where To SnowboardUITests" */;
			buildPhases = (
				F44B4E951DEDC68E00C051FA /* Sources */,
				F44B4E961DEDC68E00C051FA /* Frameworks */,
				F44B4E971DEDC68E00C051FA /* Resources */,
			);
			buildRules = (
			);
			dependencies = (
				F44B4E9B1DEDC68E00C051FA /* PBXTargetDependency */,
			);
			name = "Where To SnowboardUITests";
			productName = "Where To SnowboardUITests";
			productReference = F44B4E991DEDC68E00C051FA /* Where To SnowboardUITests.xctest */;
			productType = "com.apple.product-type.bundle.ui-testing";
		};
/* End PBXNativeTarget section */

/* Begin PBXProject section */
		F44B4E721DEDC68E00C051FA /* Project object */ = {
			isa = PBXProject;
			attributes = {
				LastSwiftUpdateCheck = 0810;
				LastUpgradeCheck = 0810;
				ORGANIZATIONNAME = eduard.mecair;
				TargetAttributes = {
					F44B4E791DEDC68E00C051FA = {
						CreatedOnToolsVersion = 8.1;
						DevelopmentTeam = C3E3A88EW4;
						ProvisioningStyle = Automatic;
					};
					F44B4E8D1DEDC68E00C051FA = {
						CreatedOnToolsVersion = 8.1;
						DevelopmentTeam = C3E3A88EW4;
						ProvisioningStyle = Automatic;
						TestTargetID = F44B4E791DEDC68E00C051FA;
					};
					F44B4E981DEDC68E00C051FA = {
						CreatedOnToolsVersion = 8.1;
						DevelopmentTeam = C3E3A88EW4;
						ProvisioningStyle = Automatic;
						TestTargetID = F44B4E791DEDC68E00C051FA;
					};
				};
			};
			buildConfigurationList = F44B4E751DEDC68E00C051FA /* Build configuration list for PBXProject "Where To Snowboard" */;
			compatibilityVersion = "Xcode 3.2";
			developmentRegion = English;
			hasScannedForEncodings = 0;
			knownRegions = (
				en,
				Base,
			);
			mainGroup = F44B4E711DEDC68E00C051FA;
			productRefGroup = F44B4E7B1DEDC68E00C051FA /* Products */;
			projectDirPath = "";
			projectRoot = "";
			targets = (
				F44B4E791DEDC68E00C051FA /* Where To Snowboard */,
				F44B4E8D1DEDC68E00C051FA /* Where To SnowboardTests */,
				F44B4E981DEDC68E00C051FA /* Where To SnowboardUITests */,
			);
		};
/* End PBXProject section */

/* Begin PBXResourcesBuildPhase section */
		F44B4E781DEDC68E00C051FA /* Resources */ = {
			isa = PBXResourcesBuildPhase;
			buildActionMask = 2147483647;
			files = (
				F44B4E881DEDC68E00C051FA /* LaunchScreen.storyboard in Resources */,
				F44B4E851DEDC68E00C051FA /* Assets.xcassets in Resources */,
				F44B4E831DEDC68E00C051FA /* Main.storyboard in Resources */,
			);
			runOnlyForDeploymentPostprocessing = 0;
		};
		F44B4E8C1DEDC68E00C051FA /* Resources */ = {
			isa = PBXResourcesBuildPhase;
			buildActionMask = 2147483647;
			files = (
			);
			runOnlyForDeploymentPostprocessing = 0;
		};
		F44B4E971DEDC68E00C051FA /* Resources */ = {
			isa = PBXResourcesBuildPhase;
			buildActionMask = 2147483647;
			files = (
			);
			runOnlyForDeploymentPostprocessing = 0;
		};
/* End PBXResourcesBuildPhase section */

/* Begin PBXSourcesBuildPhase section */
		F44B4E761DEDC68E00C051FA /* Sources */ = {
			isa = PBXSourcesBuildPhase;
			buildActionMask = 2147483647;
			files = (
				F4464D011DFB22BB00646D8B /* SkiArea+CoreDataClass.swift in Sources */,
				F460DD491DEF553D00D74E71 /* SkimapClient.swift in Sources */,
				F4464CD21DF3346D00646D8B /* CoreDataStack.swift in Sources */,
				F460DD511DEF583200D74E71 /* RegionViewController.swift in Sources */,
				F460DD4F1DEF569800D74E71 /* WorldWeatherOnlineConstants.swift in Sources */,
				F4464CC81DF3258500646D8B /* Model.xcdatamodeld in Sources */,
				F460DD4D1DEF567F00D74E71 /* WorldWeatherOnlineClient.swift in Sources */,
				F460DD4B1DEF559800D74E71 /* SkimapConstants.swift in Sources */,
				F4464D021DFB22BB00646D8B /* SkiArea+CoreDataProperties.swift in Sources */,
				F4464CFA1DFA21F900646D8B /* Region+CoreDataProperties.swift in Sources */,
				F44B4E7E1DEDC68E00C051FA /* AppDelegate.swift in Sources */,
				F4464CF51DFA037F00646D8B /* Region+CoreDataClass.swift in Sources */,
			);
			runOnlyForDeploymentPostprocessing = 0;
		};
		F44B4E8A1DEDC68E00C051FA /* Sources */ = {
			isa = PBXSourcesBuildPhase;
			buildActionMask = 2147483647;
			files = (
				F44B4E931DEDC68E00C051FA /* Where_To_SnowboardTests.swift in Sources */,
			);
			runOnlyForDeploymentPostprocessing = 0;
		};
		F44B4E951DEDC68E00C051FA /* Sources */ = {
			isa = PBXSourcesBuildPhase;
			buildActionMask = 2147483647;
			files = (
				F44B4E9E1DEDC68E00C051FA /* Where_To_SnowboardUITests.swift in Sources */,
			);
			runOnlyForDeploymentPostprocessing = 0;
		};
/* End PBXSourcesBuildPhase section */

/* Begin PBXTargetDependency section */
		F44B4E901DEDC68E00C051FA /* PBXTargetDependency */ = {
			isa = PBXTargetDependency;
			target = F44B4E791DEDC68E00C051FA /* Where To Snowboard */;
			targetProxy = F44B4E8F1DEDC68E00C051FA /* PBXContainerItemProxy */;
		};
		F44B4E9B1DEDC68E00C051FA /* PBXTargetDependency */ = {
			isa = PBXTargetDependency;
			target = F44B4E791DEDC68E00C051FA /* Where To Snowboard */;
			targetProxy = F44B4E9A1DEDC68E00C051FA /* PBXContainerItemProxy */;
		};
/* End PBXTargetDependency section */

/* Begin PBXVariantGroup section */
		F44B4E811DEDC68E00C051FA /* Main.storyboard */ = {
			isa = PBXVariantGroup;
			children = (
				F44B4E821DEDC68E00C051FA /* Base */,
			);
			name = Main.storyboard;
			sourceTree = "<group>";
		};
		F44B4E861DEDC68E00C051FA /* LaunchScreen.storyboard */ = {
			isa = PBXVariantGroup;
			children = (
				F44B4E871DEDC68E00C051FA /* Base */,
			);
			name = LaunchScreen.storyboard;
			sourceTree = "<group>";
		};
/* End PBXVariantGroup section */

/* Begin XCBuildConfiguration section */
		F44B4EA01DEDC68E00C051FA /* Debug */ = {
			isa = XCBuildConfiguration;
			buildSettings = {
				ALWAYS_SEARCH_USER_PATHS = NO;
				CLANG_ANALYZER_NONNULL = YES;
				CLANG_CXX_LANGUAGE_STANDARD = "gnu++0x";
				CLANG_CXX_LIBRARY = "libc++";
				CLANG_ENABLE_MODULES = YES;
				CLANG_ENABLE_OBJC_ARC = YES;
				CLANG_WARN_BOOL_CONVERSION = YES;
				CLANG_WARN_CONSTANT_CONVERSION = YES;
				CLANG_WARN_DIRECT_OBJC_ISA_USAGE = YES_ERROR;
				CLANG_WARN_DOCUMENTATION_COMMENTS = YES;
				CLANG_WARN_EMPTY_BODY = YES;
				CLANG_WARN_ENUM_CONVERSION = YES;
				CLANG_WARN_INFINITE_RECURSION = YES;
				CLANG_WARN_INT_CONVERSION = YES;
				CLANG_WARN_OBJC_ROOT_CLASS = YES_ERROR;
				CLANG_WARN_SUSPICIOUS_MOVES = YES;
				CLANG_WARN_UNREACHABLE_CODE = YES;
				CLANG_WARN__DUPLICATE_METHOD_MATCH = YES;
				"CODE_SIGN_IDENTITY[sdk=iphoneos*]" = "iPhone Developer";
				COPY_PHASE_STRIP = NO;
				DEBUG_INFORMATION_FORMAT = dwarf;
				ENABLE_STRICT_OBJC_MSGSEND = YES;
				ENABLE_TESTABILITY = YES;
				GCC_C_LANGUAGE_STANDARD = gnu99;
				GCC_DYNAMIC_NO_PIC = NO;
				GCC_NO_COMMON_BLOCKS = YES;
				GCC_OPTIMIZATION_LEVEL = 0;
				GCC_PREPROCESSOR_DEFINITIONS = (
					"DEBUG=1",
					"$(inherited)",
				);
				GCC_WARN_64_TO_32_BIT_CONVERSION = YES;
				GCC_WARN_ABOUT_RETURN_TYPE = YES_ERROR;
				GCC_WARN_UNDECLARED_SELECTOR = YES;
				GCC_WARN_UNINITIALIZED_AUTOS = YES_AGGRESSIVE;
				GCC_WARN_UNUSED_FUNCTION = YES;
				GCC_WARN_UNUSED_VARIABLE = YES;
				IPHONEOS_DEPLOYMENT_TARGET = 10.1;
				MTL_ENABLE_DEBUG_INFO = YES;
				ONLY_ACTIVE_ARCH = YES;
				SDKROOT = iphoneos;
				SWIFT_ACTIVE_COMPILATION_CONDITIONS = DEBUG;
				SWIFT_OPTIMIZATION_LEVEL = "-Onone";
				TARGETED_DEVICE_FAMILY = "1,2";
			};
			name = Debug;
		};
		F44B4EA11DEDC68E00C051FA /* Release */ = {
			isa = XCBuildConfiguration;
			buildSettings = {
				ALWAYS_SEARCH_USER_PATHS = NO;
				CLANG_ANALYZER_NONNULL = YES;
				CLANG_CXX_LANGUAGE_STANDARD = "gnu++0x";
				CLANG_CXX_LIBRARY = "libc++";
				CLANG_ENABLE_MODULES = YES;
				CLANG_ENABLE_OBJC_ARC = YES;
				CLANG_WARN_BOOL_CONVERSION = YES;
				CLANG_WARN_CONSTANT_CONVERSION = YES;
				CLANG_WARN_DIRECT_OBJC_ISA_USAGE = YES_ERROR;
				CLANG_WARN_DOCUMENTATION_COMMENTS = YES;
				CLANG_WARN_EMPTY_BODY = YES;
				CLANG_WARN_ENUM_CONVERSION = YES;
				CLANG_WARN_INFINITE_RECURSION = YES;
				CLANG_WARN_INT_CONVERSION = YES;
				CLANG_WARN_OBJC_ROOT_CLASS = YES_ERROR;
				CLANG_WARN_SUSPICIOUS_MOVES = YES;
				CLANG_WARN_UNREACHABLE_CODE = YES;
				CLANG_WARN__DUPLICATE_METHOD_MATCH = YES;
				"CODE_SIGN_IDENTITY[sdk=iphoneos*]" = "iPhone Developer";
				COPY_PHASE_STRIP = NO;
				DEBUG_INFORMATION_FORMAT = "dwarf-with-dsym";
				ENABLE_NS_ASSERTIONS = NO;
				ENABLE_STRICT_OBJC_MSGSEND = YES;
				GCC_C_LANGUAGE_STANDARD = gnu99;
				GCC_NO_COMMON_BLOCKS = YES;
				GCC_WARN_64_TO_32_BIT_CONVERSION = YES;
				GCC_WARN_ABOUT_RETURN_TYPE = YES_ERROR;
				GCC_WARN_UNDECLARED_SELECTOR = YES;
				GCC_WARN_UNINITIALIZED_AUTOS = YES_AGGRESSIVE;
				GCC_WARN_UNUSED_FUNCTION = YES;
				GCC_WARN_UNUSED_VARIABLE = YES;
				IPHONEOS_DEPLOYMENT_TARGET = 10.1;
				MTL_ENABLE_DEBUG_INFO = NO;
				SDKROOT = iphoneos;
				SWIFT_OPTIMIZATION_LEVEL = "-Owholemodule";
				TARGETED_DEVICE_FAMILY = "1,2";
				VALIDATE_PRODUCT = YES;
			};
			name = Release;
		};
		F44B4EA31DEDC68E00C051FA /* Debug */ = {
			isa = XCBuildConfiguration;
			buildSettings = {
				ASSETCATALOG_COMPILER_APPICON_NAME = AppIcon;
				DEVELOPMENT_TEAM = C3E3A88EW4;
				INFOPLIST_FILE = "Where To Snowboard/Info.plist";
				LD_RUNPATH_SEARCH_PATHS = "$(inherited) @executable_path/Frameworks";
				PRODUCT_BUNDLE_IDENTIFIER = "em.Where-To-Snowboard";
				PRODUCT_NAME = "$(TARGET_NAME)";
				SWIFT_VERSION = 3.0;
			};
			name = Debug;
		};
		F44B4EA41DEDC68E00C051FA /* Release */ = {
			isa = XCBuildConfiguration;
			buildSettings = {
				ASSETCATALOG_COMPILER_APPICON_NAME = AppIcon;
				DEVELOPMENT_TEAM = C3E3A88EW4;
				INFOPLIST_FILE = "Where To Snowboard/Info.plist";
				LD_RUNPATH_SEARCH_PATHS = "$(inherited) @executable_path/Frameworks";
				PRODUCT_BUNDLE_IDENTIFIER = "em.Where-To-Snowboard";
				PRODUCT_NAME = "$(TARGET_NAME)";
				SWIFT_VERSION = 3.0;
			};
			name = Release;
		};
		F44B4EA61DEDC68E00C051FA /* Debug */ = {
			isa = XCBuildConfiguration;
			buildSettings = {
				ALWAYS_EMBED_SWIFT_STANDARD_LIBRARIES = YES;
				BUNDLE_LOADER = "$(TEST_HOST)";
				DEVELOPMENT_TEAM = C3E3A88EW4;
				INFOPLIST_FILE = "Where To SnowboardTests/Info.plist";
				LD_RUNPATH_SEARCH_PATHS = "$(inherited) @executable_path/Frameworks @loader_path/Frameworks";
				PRODUCT_BUNDLE_IDENTIFIER = "em.Where-To-SnowboardTests";
				PRODUCT_NAME = "$(TARGET_NAME)";
				SWIFT_VERSION = 3.0;
				TEST_HOST = "$(BUILT_PRODUCTS_DIR)/Where To Snowboard.app/Where To Snowboard";
			};
			name = Debug;
		};
		F44B4EA71DEDC68E00C051FA /* Release */ = {
			isa = XCBuildConfiguration;
			buildSettings = {
				ALWAYS_EMBED_SWIFT_STANDARD_LIBRARIES = YES;
				BUNDLE_LOADER = "$(TEST_HOST)";
				DEVELOPMENT_TEAM = C3E3A88EW4;
				INFOPLIST_FILE = "Where To SnowboardTests/Info.plist";
				LD_RUNPATH_SEARCH_PATHS = "$(inherited) @executable_path/Frameworks @loader_path/Frameworks";
				PRODUCT_BUNDLE_IDENTIFIER = "em.Where-To-SnowboardTests";
				PRODUCT_NAME = "$(TARGET_NAME)";
				SWIFT_VERSION = 3.0;
				TEST_HOST = "$(BUILT_PRODUCTS_DIR)/Where To Snowboard.app/Where To Snowboard";
			};
			name = Release;
		};
		F44B4EA91DEDC68E00C051FA /* Debug */ = {
			isa = XCBuildConfiguration;
			buildSettings = {
				ALWAYS_EMBED_SWIFT_STANDARD_LIBRARIES = YES;
				DEVELOPMENT_TEAM = C3E3A88EW4;
				INFOPLIST_FILE = "Where To SnowboardUITests/Info.plist";
				LD_RUNPATH_SEARCH_PATHS = "$(inherited) @executable_path/Frameworks @loader_path/Frameworks";
				PRODUCT_BUNDLE_IDENTIFIER = "em.Where-To-SnowboardUITests";
				PRODUCT_NAME = "$(TARGET_NAME)";
				SWIFT_VERSION = 3.0;
				TEST_TARGET_NAME = "Where To Snowboard";
			};
			name = Debug;
		};
		F44B4EAA1DEDC68E00C051FA /* Release */ = {
			isa = XCBuildConfiguration;
			buildSettings = {
				ALWAYS_EMBED_SWIFT_STANDARD_LIBRARIES = YES;
				DEVELOPMENT_TEAM = C3E3A88EW4;
				INFOPLIST_FILE = "Where To SnowboardUITests/Info.plist";
				LD_RUNPATH_SEARCH_PATHS = "$(inherited) @executable_path/Frameworks @loader_path/Frameworks";
				PRODUCT_BUNDLE_IDENTIFIER = "em.Where-To-SnowboardUITests";
				PRODUCT_NAME = "$(TARGET_NAME)";
				SWIFT_VERSION = 3.0;
				TEST_TARGET_NAME = "Where To Snowboard";
			};
			name = Release;
		};
/* End XCBuildConfiguration section */

/* Begin XCConfigurationList section */
		F44B4E751DEDC68E00C051FA /* Build configuration list for PBXProject "Where To Snowboard" */ = {
			isa = XCConfigurationList;
			buildConfigurations = (
				F44B4EA01DEDC68E00C051FA /* Debug */,
				F44B4EA11DEDC68E00C051FA /* Release */,
			);
			defaultConfigurationIsVisible = 0;
			defaultConfigurationName = Release;
		};
		F44B4EA21DEDC68E00C051FA /* Build configuration list for PBXNativeTarget "Where To Snowboard" */ = {
			isa = XCConfigurationList;
			buildConfigurations = (
				F44B4EA31DEDC68E00C051FA /* Debug */,
				F44B4EA41DEDC68E00C051FA /* Release */,
			);
			defaultConfigurationIsVisible = 0;
			defaultConfigurationName = Release;
		};
		F44B4EA51DEDC68E00C051FA /* Build configuration list for PBXNativeTarget "Where To SnowboardTests" */ = {
			isa = XCConfigurationList;
			buildConfigurations = (
				F44B4EA61DEDC68E00C051FA /* Debug */,
				F44B4EA71DEDC68E00C051FA /* Release */,
			);
			defaultConfigurationIsVisible = 0;
			defaultConfigurationName = Release;
		};
		F44B4EA81DEDC68E00C051FA /* Build configuration list for PBXNativeTarget "Where To SnowboardUITests" */ = {
			isa = XCConfigurationList;
			buildConfigurations = (
				F44B4EA91DEDC68E00C051FA /* Debug */,
				F44B4EAA1DEDC68E00C051FA /* Release */,
			);
			defaultConfigurationIsVisible = 0;
			defaultConfigurationName = Release;
		};
/* End XCConfigurationList section */

/* Begin XCVersionGroup section */
		F4464CC61DF3258500646D8B /* Model.xcdatamodeld */ = {
			isa = XCVersionGroup;
			children = (
				F44E063A1DFE211100B0914F /* Model 4.xcdatamodel */,
				F4464CFC1DFAE1F200646D8B /* Model 3.xcdatamodel */,
				F4464CFB1DFA28AE00646D8B /* Model 2.xcdatamodel */,
				F4464CC71DF3258500646D8B /* Model.xcdatamodel */,
			);
			currentVersion = F44E063A1DFE211100B0914F /* Model 4.xcdatamodel */;
			name = Model.xcdatamodeld;
			path = ../Model.xcdatamodeld;
			sourceTree = "<group>";
			versionGroupType = wrapper.xcdatamodel;
		};
/* End XCVersionGroup section */
	};
	rootObject = F44B4E721DEDC68E00C051FA /* Project object */;
}
